Microsoft Visual Studio Solution File, Format Version 11.00
# Visual Studio 2008

Project("{C20BF2E9-D512-2492-80B5-60E53CF3C49A}") = "Team_FC", "Assembly-CSharp.csproj", "{C795F554-256C-85F3-DEDE-E9830CB78D27}"
EndProject
Global
	GlobalSection(SolutionConfigurationPlatforms) = preSolution
		Debug|Any CPU = Debug|Any CPU
		Release|Any CPU = Release|Any CPU
	EndGlobalSection
	GlobalSection(ProjectConfigurationPlatforms) = postSolution
		{C795F554-256C-85F3-DEDE-E9830CB78D27}.Debug|Any CPU.ActiveCfg = Debug|Any CPU
		{C795F554-256C-85F3-DEDE-E9830CB78D27}.Debug|Any CPU.Build.0 = Debug|Any CPU
		{C795F554-256C-85F3-DEDE-E9830CB78D27}.Release|Any CPU.ActiveCfg = Release|Any CPU
		{C795F554-256C-85F3-DEDE-E9830CB78D27}.Release|Any CPU.Build.0 = Release|Any CPU
	EndGlobalSection
	GlobalSection(SolutionProperties) = preSolution
		HideSolutionNode = FALSE
	EndGlobalSection
	GlobalSection(MonoDevelopProperties) = preSolution
		StartupItem = Assembly-CSharp.csproj
	EndGlobalSection
EndGlobal
